// !$*UTF8*$!
{
	archiveVersion = 1;
	classes = {
	};
	objectVersion = 50;
	objects = {

/* Begin PBXBuildFile section */
		C62D9DE0269DE750003F9923 /* WeChatDemoApp.swift in Sources */ = {isa = PBXBuildFile; fileRef = C62D9DDF269DE750003F9923 /* WeChatDemoApp.swift */; };
		C62D9DE4269DE752003F9923 /* Image.xcassets in Resources */ = {isa = PBXBuildFile; fileRef = C62D9DE3269DE752003F9923 /* Image.xcassets */; };
		C62D9DE7269DE752003F9923 /* Preview Assets.xcassets in Resources */ = {isa = PBXBuildFile; fileRef = C62D9DE6269DE752003F9923 /* Preview Assets.xcassets */; };
		C62D9DF1269DE830003F9923 /* swiftui-assets-template.stencil in Resources */ = {isa = PBXBuildFile; fileRef = C62D9DEE269DE830003F9923 /* swiftui-assets-template.stencil */; };
		C62D9DF2269DE830003F9923 /* swiftgen.yml in Resources */ = {isa = PBXBuildFile; fileRef = C62D9DEF269DE830003F9923 /* swiftgen.yml */; };
		C62D9DF3269DE830003F9923 /* swiftui-strings-template.stencil in Resources */ = {isa = PBXBuildFile; fileRef = C62D9DF0269DE830003F9923 /* swiftui-strings-template.stencil */; };
		C62D9DF8269DE904003F9923 /* Color.xcassets in Resources */ = {isa = PBXBuildFile; fileRef = C62D9DF7269DE904003F9923 /* Color.xcassets */; };
		C62D9DFB269DE933003F9923 /* Localizable.strings in Resources */ = {isa = PBXBuildFile; fileRef = C62D9DFD269DE933003F9923 /* Localizable.strings */; };
		C62D9E01269DEA85003F9923 /* TabContainer.swift in Sources */ = {isa = PBXBuildFile; fileRef = C62D9E00269DEA85003F9923 /* TabContainer.swift */; };
		C62D9E04269DEC8D003F9923 /* assets.swift in Sources */ = {isa = PBXBuildFile; fileRef = C62D9E02269DEC8C003F9923 /* assets.swift */; };
		C62D9E05269DEC8D003F9923 /* strings.swift in Sources */ = {isa = PBXBuildFile; fileRef = C62D9E03269DEC8C003F9923 /* strings.swift */; };
		C62D9E07269DEE92003F9923 /* ChatsView.swift in Sources */ = {isa = PBXBuildFile; fileRef = C62D9E06269DEE92003F9923 /* ChatsView.swift */; };
		C62D9E0A269DFE0F003F9923 /* InfoPlist.strings in Resources */ = {isa = PBXBuildFile; fileRef = C62D9E0C269DFE0F003F9923 /* InfoPlist.strings */; };
		C62D9E12269DFEDD003F9923 /* ContactsView.swift in Sources */ = {isa = PBXBuildFile; fileRef = C62D9E11269DFEDD003F9923 /* ContactsView.swift */; };
		C62D9E14269DFF09003F9923 /* DiscoverView.swift in Sources */ = {isa = PBXBuildFile; fileRef = C62D9E13269DFF09003F9923 /* DiscoverView.swift */; };
		C62D9E16269DFF2F003F9923 /* MeView.swift in Sources */ = {isa = PBXBuildFile; fileRef = C62D9E15269DFF2F003F9923 /* MeView.swift */; };
/* End PBXBuildFile section */

/* Begin PBXFileReference section */
		C62D9DDC269DE750003F9923 /* SwiftUI-WeChatDemo.app */ = {isa = PBXFileReference; explicitFileType = wrapper.application; includeInIndex = 0; path = "SwiftUI-WeChatDemo.app"; sourceTree = BUILT_PRODUCTS_DIR; };
		C62D9DDF269DE750003F9923 /* WeChatDemoApp.swift */ = {isa = PBXFileReference; lastKnownFileType = sourcecode.swift; path = WeChatDemoApp.swift; sourceTree = "<group>"; };
		C62D9DE3269DE752003F9923 /* Image.xcassets */ = {isa = PBXFileReference; lastKnownFileType = folder.assetcatalog; path = Image.xcassets; sourceTree = "<group>"; };
		C62D9DE6269DE752003F9923 /* Preview Assets.xcassets */ = {isa = PBXFileReference; lastKnownFileType = folder.assetcatalog; path = "Preview Assets.xcassets"; sourceTree = "<group>"; };
		C62D9DE8269DE752003F9923 /* Info.plist */ = {isa = PBXFileReference; lastKnownFileType = text.plist.xml; path = Info.plist; sourceTree = "<group>"; };
		C62D9DEE269DE830003F9923 /* swiftui-assets-template.stencil */ = {isa = PBXFileReference; fileEncoding = 4; lastKnownFileType = text; path = "swiftui-assets-template.stencil"; sourceTree = "<group>"; };
		C62D9DEF269DE830003F9923 /* swiftgen.yml */ = {isa = PBXFileReference; fileEncoding = 4; lastKnownFileType = text.yaml; path = swiftgen.yml; sourceTree = "<group>"; };
		C62D9DF0269DE830003F9923 /* swiftui-strings-template.stencil */ = {isa = PBXFileReference; fileEncoding = 4; lastKnownFileType = text; path = "swiftui-strings-template.stencil"; sourceTree = "<group>"; };
		C62D9DF7269DE904003F9923 /* Color.xcassets */ = {isa = PBXFileReference; lastKnownFileType = folder.assetcatalog; path = Color.xcassets; sourceTree = "<group>"; };
		C62D9DFC269DE933003F9923 /* en */ = {isa = PBXFileReference; lastKnownFileType = text.plist.strings; name = en; path = en.lproj/Localizable.strings; sourceTree = "<group>"; };
		C62D9E00269DEA85003F9923 /* TabContainer.swift */ = {isa = PBXFileReference; lastKnownFileType = sourcecode.swift; path = TabContainer.swift; sourceTree = "<group>"; };
		C62D9E02269DEC8C003F9923 /* assets.swift */ = {isa = PBXFileReference; fileEncoding = 4; lastKnownFileType = sourcecode.swift; path = assets.swift; sourceTree = "<group>"; };
		C62D9E03269DEC8C003F9923 /* strings.swift */ = {isa = PBXFileReference; fileEncoding = 4; lastKnownFileType = sourcecode.swift; path = strings.swift; sourceTree = "<group>"; };
		C62D9E06269DEE92003F9923 /* ChatsView.swift */ = {isa = PBXFileReference; lastKnownFileType = sourcecode.swift; path = ChatsView.swift; sourceTree = "<group>"; };
		C62D9E0B269DFE0F003F9923 /* en */ = {isa = PBXFileReference; lastKnownFileType = text.plist.strings; name = en; path = en.lproj/InfoPlist.strings; sourceTree = "<group>"; };
		C62D9E0D269DFE1C003F9923 /* zh-Hans */ = {isa = PBXFileReference; lastKnownFileType = text.plist.strings; name = "zh-Hans"; path = "zh-Hans.lproj/InfoPlist.strings"; sourceTree = "<group>"; };
		C62D9E11269DFEDD003F9923 /* ContactsView.swift */ = {isa = PBXFileReference; lastKnownFileType = sourcecode.swift; path = ContactsView.swift; sourceTree = "<group>"; };
		C62D9E13269DFF09003F9923 /* DiscoverView.swift */ = {isa = PBXFileReference; lastKnownFileType = sourcecode.swift; path = DiscoverView.swift; sourceTree = "<group>"; };
		C62D9E15269DFF2F003F9923 /* MeView.swift */ = {isa = PBXFileReference; lastKnownFileType = sourcecode.swift; path = MeView.swift; sourceTree = "<group>"; };
/* End PBXFileReference section */

/* Begin PBXFrameworksBuildPhase section */
		C62D9DD9269DE750003F9923 /* Frameworks */ = {
			isa = PBXFrameworksBuildPhase;
			buildActionMask = 2147483647;
			files = (
			);
			runOnlyForDeploymentPostprocessing = 0;
		};
/* End PBXFrameworksBuildPhase section */

/* Begin PBXGroup section */
		C62D9DD3269DE750003F9923 = {
			isa = PBXGroup;
			children = (
				C62D9DEF269DE830003F9923 /* swiftgen.yml */,
				C62D9DEE269DE830003F9923 /* swiftui-assets-template.stencil */,
				C62D9DF0269DE830003F9923 /* swiftui-strings-template.stencil */,
				C62D9DDE269DE750003F9923 /* SwiftUI-WeChatDemo */,
				C62D9DDD269DE750003F9923 /* Products */,
			);
			sourceTree = "<group>";
		};
		C62D9DDD269DE750003F9923 /* Products */ = {
			isa = PBXGroup;
			children = (
				C62D9DDC269DE750003F9923 /* SwiftUI-WeChatDemo.app */,
			);
			name = Products;
			sourceTree = "<group>";
		};
		C62D9DDE269DE750003F9923 /* SwiftUI-WeChatDemo */ = {
			isa = PBXGroup;
			children = (
				C62D9DDF269DE750003F9923 /* WeChatDemoApp.swift */,
				C62D9DFE269DE9A9003F9923 /* UI */,
				C62D9DF5269DE84F003F9923 /* Generated */,
				C62D9DF6269DE855003F9923 /* Resources */,
				C62D9DE8269DE752003F9923 /* Info.plist */,
				C62D9E0C269DFE0F003F9923 /* InfoPlist.strings */,
				C62D9DE5269DE752003F9923 /* Preview Content */,
			);
			path = "SwiftUI-WeChatDemo";
			sourceTree = "<group>";
		};
		C62D9DE5269DE752003F9923 /* Preview Content */ = {
			isa = PBXGroup;
			children = (
				C62D9DE6269DE752003F9923 /* Preview Assets.xcassets */,
			);
			path = "Preview Content";
			sourceTree = "<group>";
		};
		C62D9DF5269DE84F003F9923 /* Generated */ = {
			isa = PBXGroup;
			children = (
				C62D9E03269DEC8C003F9923 /* strings.swift */,
				C62D9E02269DEC8C003F9923 /* assets.swift */,
			);
			path = Generated;
			sourceTree = "<group>";
		};
		C62D9DF6269DE855003F9923 /* Resources */ = {
			isa = PBXGroup;
			children = (
				C62D9DE3269DE752003F9923 /* Image.xcassets */,
				C62D9DF7269DE904003F9923 /* Color.xcassets */,
				C62D9DFD269DE933003F9923 /* Localizable.strings */,
			);
			path = Resources;
			sourceTree = "<group>";
		};
		C62D9DFE269DE9A9003F9923 /* UI */ = {
			isa = PBXGroup;
			children = (
				C62D9DFF269DE9DD003F9923 /* Chats */,
				C62D9E0E269DFE85003F9923 /* Contacts */,
				C62D9E10269DFE9F003F9923 /* Discover */,
				C62D9E0F269DFE9A003F9923 /* Me */,
				C62D9E00269DEA85003F9923 /* TabContainer.swift */,
			);
			path = UI;
			sourceTree = "<group>";
		};
		C62D9DFF269DE9DD003F9923 /* Chats */ = {
			isa = PBXGroup;
			children = (
				C62D9E06269DEE92003F9923 /* ChatsView.swift */,
			);
			path = Chats;
			sourceTree = "<group>";
		};
		C62D9E0E269DFE85003F9923 /* Contacts */ = {
			isa = PBXGroup;
			children = (
				C62D9E11269DFEDD003F9923 /* ContactsView.swift */,
			);
			path = Contacts;
			sourceTree = "<group>";
		};
		C62D9E0F269DFE9A003F9923 /* Me */ = {
			isa = PBXGroup;
			children = (
				C62D9E15269DFF2F003F9923 /* MeView.swift */,
			);
			path = Me;
			sourceTree = "<group>";
		};
		C62D9E10269DFE9F003F9923 /* Discover */ = {
			isa = PBXGroup;
			children = (
				C62D9E13269DFF09003F9923 /* DiscoverView.swift */,
			);
			path = Discover;
			sourceTree = "<group>";
		};
/* End PBXGroup section */

/* Begin PBXNativeTarget section */
		C62D9DDB269DE750003F9923 /* SwiftUI-WeChatDemo */ = {
			isa = PBXNativeTarget;
			buildConfigurationList = C62D9DEB269DE752003F9923 /* Build configuration list for PBXNativeTarget "SwiftUI-WeChatDemo" */;
			buildPhases = (
				C62D9DD8269DE750003F9923 /* Sources */,
				C62D9DD9269DE750003F9923 /* Frameworks */,
				C62D9DDA269DE750003F9923 /* Resources */,
				C62D9DF4269DE83D003F9923 /* ShellScript */,
			);
			buildRules = (
			);
			dependencies = (
			);
			name = "SwiftUI-WeChatDemo";
			productName = "SwiftUI-WeChatDemo";
			productReference = C62D9DDC269DE750003F9923 /* SwiftUI-WeChatDemo.app */;
			productType = "com.apple.product-type.application";
		};
/* End PBXNativeTarget section */

/* Begin PBXProject section */
		C62D9DD4269DE750003F9923 /* Project object */ = {
			isa = PBXProject;
			attributes = {
				LastSwiftUpdateCheck = 1250;
				LastUpgradeCheck = 1250;
				TargetAttributes = {
					C62D9DDB269DE750003F9923 = {
						CreatedOnToolsVersion = 12.5.1;
					};
				};
			};
			buildConfigurationList = C62D9DD7269DE750003F9923 /* Build configuration list for PBXProject "SwiftUI-WeChatDemo" */;
			compatibilityVersion = "Xcode 9.3";
			developmentRegion = en;
			hasScannedForEncodings = 0;
			knownRegions = (
				en,
				"zh-Hans",
			);
			mainGroup = C62D9DD3269DE750003F9923;
			productRefGroup = C62D9DDD269DE750003F9923 /* Products */;
			projectDirPath = "";
			projectRoot = "";
			targets = (
				C62D9DDB269DE750003F9923 /* SwiftUI-WeChatDemo */,
			);
		};
/* End PBXProject section */

/* Begin PBXResourcesBuildPhase section */
		C62D9DDA269DE750003F9923 /* Resources */ = {
			isa = PBXResourcesBuildPhase;
			buildActionMask = 2147483647;
			files = (
				C62D9DF1269DE830003F9923 /* swiftui-assets-template.stencil in Resources */,
				C62D9E0A269DFE0F003F9923 /* InfoPlist.strings in Resources */,
				C62D9DE7269DE752003F9923 /* Preview Assets.xcassets in Resources */,
				C62D9DE4269DE752003F9923 /* Image.xcassets in Resources */,
				C62D9DFB269DE933003F9923 /* Localizable.strings in Resources */,
				C62D9DF3269DE830003F9923 /* swiftui-strings-template.stencil in Resources */,
				C62D9DF2269DE830003F9923 /* swiftgen.yml in Resources */,
				C62D9DF8269DE904003F9923 /* Color.xcassets in Resources */,
			);
			runOnlyForDeploymentPostprocessing = 0;
		};
/* End PBXResourcesBuildPhase section */

/* Begin PBXShellScriptBuildPhase section */
		C62D9DF4269DE83D003F9923 /* ShellScript */ = {
			isa = PBXShellScriptBuildPhase;
			buildActionMask = 2147483647;
			files = (
			);
			inputFileListPaths = (
			);
			inputPaths = (
			);
			outputFileListPaths = (
			);
			outputPaths = (
			);
			runOnlyForDeploymentPostprocessing = 0;
			shellPath = /bin/sh;
			shellScript = "# Type a script or drag a script file from your workspace to insert its path.\nswiftgen\n";
		};
/* End PBXShellScriptBuildPhase section */

/* Begin PBXSourcesBuildPhase section */
		C62D9DD8269DE750003F9923 /* Sources */ = {
			isa = PBXSourcesBuildPhase;
			buildActionMask = 2147483647;
			files = (
				C62D9E07269DEE92003F9923 /* ChatsView.swift in Sources */,
				C62D9E01269DEA85003F9923 /* TabContainer.swift in Sources */,
				C62D9E04269DEC8D003F9923 /* assets.swift in Sources */,
				C62D9E12269DFEDD003F9923 /* ContactsView.swift in Sources */,
				C62D9E16269DFF2F003F9923 /* MeView.swift in Sources */,
				C62D9E14269DFF09003F9923 /* DiscoverView.swift in Sources */,
				C62D9E05269DEC8D003F9923 /* strings.swift in Sources */,
				C62D9DE0269DE750003F9923 /* WeChatDemoApp.swift in Sources */,
			);
			runOnlyForDeploymentPostprocessing = 0;
		};
/* End PBXSourcesBuildPhase section */

/* Begin PBXVariantGroup section */
		C62D9DFD269DE933003F9923 /* Localizable.strings */ = {
			isa = PBXVariantGroup;
			children = (
				C62D9DFC269DE933003F9923 /* en */,
			);
			name = Localizable.strings;
			sourceTree = "<group>";
		};
		C62D9E0C269DFE0F003F9923 /* InfoPlist.strings */ = {
			isa = PBXVariantGroup;
			children = (
				C62D9E0B269DFE0F003F9923 /* en */,
				C62D9E0D269DFE1C003F9923 /* zh-Hans */,
			);
			name = InfoPlist.strings;
			sourceTree = "<group>";
		};
/* End PBXVariantGroup section */

/* Begin XCBuildConfiguration section */
		C62D9DE9269DE752003F9923 /* Debug */ = {
			isa = XCBuildConfiguration;
			buildSettings = {
				ALWAYS_SEARCH_USER_PATHS = NO;
				CLANG_ANALYZER_NONNULL = YES;
				CLANG_ANALYZER_NUMBER_OBJECT_CONVERSION = YES_AGGRESSIVE;
				CLANG_CXX_LANGUAGE_STANDARD = "gnu++14";
				CLANG_CXX_LIBRARY = "libc++";
				CLANG_ENABLE_MODULES = YES;
				CLANG_ENABLE_OBJC_ARC = YES;
				CLANG_ENABLE_OBJC_WEAK = YES;
				CLANG_WARN_BLOCK_CAPTURE_AUTORELEASING = YES;
				CLANG_WARN_BOOL_CONVERSION = YES;
				CLANG_WARN_COMMA = YES;
				CLANG_WARN_CONSTANT_CONVERSION = YES;
				CLANG_WARN_DEPRECATED_OBJC_IMPLEMENTATIONS = YES;
				CLANG_WARN_DIRECT_OBJC_ISA_USAGE = YES_ERROR;
				CLANG_WARN_DOCUMENTATION_COMMENTS = YES;
				CLANG_WARN_EMPTY_BODY = YES;
				CLANG_WARN_ENUM_CONVERSION = YES;
				CLANG_WARN_INFINITE_RECURSION = YES;
				CLANG_WARN_INT_CONVERSION = YES;
				CLANG_WARN_NON_LITERAL_NULL_CONVERSION = YES;
				CLANG_WARN_OBJC_IMPLICIT_RETAIN_SELF = YES;
				CLANG_WARN_OBJC_LITERAL_CONVERSION = YES;
				CLANG_WARN_OBJC_ROOT_CLASS = YES_ERROR;
				CLANG_WARN_QUOTED_INCLUDE_IN_FRAMEWORK_HEADER = YES;
				CLANG_WARN_RANGE_LOOP_ANALYSIS = YES;
				CLANG_WARN_STRICT_PROTOTYPES = YES;
				CLANG_WARN_SUSPICIOUS_MOVE = YES;
				CLANG_WARN_UNGUARDED_AVAILABILITY = YES_AGGRESSIVE;
				CLANG_WARN_UNREACHABLE_CODE = YES;
				CLANG_WARN__DUPLICATE_METHOD_MATCH = YES;
				COPY_PHASE_STRIP = NO;
				DEBUG_INFORMATION_FORMAT = dwarf;
				ENABLE_STRICT_OBJC_MSGSEND = YES;
				ENABLE_TESTABILITY = YES;
				GCC_C_LANGUAGE_STANDARD = gnu11;
				GCC_DYNAMIC_NO_PIC = NO;
				GCC_NO_COMMON_BLOCKS = YES;
				GCC_OPTIMIZATION_LEVEL = 0;
				GCC_PREPROCESSOR_DEFINITIONS = (
					"DEBUG=1",
					"$(inherited)",
				);
				GCC_WARN_64_TO_32_BIT_CONVERSION = YES;
				GCC_WARN_ABOUT_RETURN_TYPE = YES_ERROR;
				GCC_WARN_UNDECLARED_SELECTOR = YES;
				GCC_WARN_UNINITIALIZED_AUTOS = YES_AGGRESSIVE;
				GCC_WARN_UNUSED_FUNCTION = YES;
				GCC_WARN_UNUSED_VARIABLE = YES;
				IPHONEOS_DEPLOYMENT_TARGET = 14.5;
				MTL_ENABLE_DEBUG_INFO = INCLUDE_SOURCE;
				MTL_FAST_MATH = YES;
				ONLY_ACTIVE_ARCH = YES;
				SDKROOT = iphoneos;
				SWIFT_ACTIVE_COMPILATION_CONDITIONS = DEBUG;
				SWIFT_OPTIMIZATION_LEVEL = "-Onone";
			};
			name = Debug;
		};
		C62D9DEA269DE752003F9923 /* Release */ = {
			isa = XCBuildConfiguration;
			buildSettings = {
				ALWAYS_SEARCH_USER_PATHS = NO;
				CLANG_ANALYZER_NONNULL = YES;
				CLANG_ANALYZER_NUMBER_OBJECT_CONVERSION = YES_AGGRESSIVE;
				CLANG_CXX_LANGUAGE_STANDARD = "gnu++14";
				CLANG_CXX_LIBRARY = "libc++";
				CLANG_ENABLE_MODULES = YES;
				CLANG_ENABLE_OBJC_ARC = YES;
				CLANG_ENABLE_OBJC_WEAK = YES;
				CLANG_WARN_BLOCK_CAPTURE_AUTORELEASING = YES;
				CLANG_WARN_BOOL_CONVERSION = YES;
				CLANG_WARN_COMMA = YES;
				CLANG_WARN_CONSTANT_CONVERSION = YES;
				CLANG_WARN_DEPRECATED_OBJC_IMPLEMENTATIONS = YES;
				CLANG_WARN_DIRECT_OBJC_ISA_USAGE = YES_ERROR;
				CLANG_WARN_DOCUMENTATION_COMMENTS = YES;
				CLANG_WARN_EMPTY_BODY = YES;
				CLANG_WARN_ENUM_CONVERSION = YES;
				CLANG_WARN_INFINITE_RECURSION = YES;
				CLANG_WARN_INT_CONVERSION = YES;
				CLANG_WARN_NON_LITERAL_NULL_CONVERSION = YES;
				CLANG_WARN_OBJC_IMPLICIT_RETAIN_SELF = YES;
				CLANG_WARN_OBJC_LITERAL_CONVERSION = YES;
				CLANG_WARN_OBJC_ROOT_CLASS = YES_ERROR;
				CLANG_WARN_QUOTED_INCLUDE_IN_FRAMEWORK_HEADER = YES;
				CLANG_WARN_RANGE_LOOP_ANALYSIS = YES;
				CLANG_WARN_STRICT_PROTOTYPES = YES;
				CLANG_WARN_SUSPICIOUS_MOVE = YES;
				CLANG_WARN_UNGUARDED_AVAILABILITY = YES_AGGRESSIVE;
				CLANG_WARN_UNREACHABLE_CODE = YES;
				CLANG_WARN__DUPLICATE_METHOD_MATCH = YES;
				COPY_PHASE_STRIP = NO;
				DEBUG_INFORMATION_FORMAT = "dwarf-with-dsym";
				ENABLE_NS_ASSERTIONS = NO;
				ENABLE_STRICT_OBJC_MSGSEND = YES;
				GCC_C_LANGUAGE_STANDARD = gnu11;
				GCC_NO_COMMON_BLOCKS = YES;
				GCC_WARN_64_TO_32_BIT_CONVERSION = YES;
				GCC_WARN_ABOUT_RETURN_TYPE = YES_ERROR;
				GCC_WARN_UNDECLARED_SELECTOR = YES;
				GCC_WARN_UNINITIALIZED_AUTOS = YES_AGGRESSIVE;
				GCC_WARN_UNUSED_FUNCTION = YES;
				GCC_WARN_UNUSED_VARIABLE = YES;
				IPHONEOS_DEPLOYMENT_TARGET = 14.5;
				MTL_ENABLE_DEBUG_INFO = NO;
				MTL_FAST_MATH = YES;
				SDKROOT = iphoneos;
				SWIFT_COMPILATION_MODE = wholemodule;
				SWIFT_OPTIMIZATION_LEVEL = "-O";
				VALIDATE_PRODUCT = YES;
			};
			name = Release;
		};
		C62D9DEC269DE752003F9923 /* Debug */ = {
			isa = XCBuildConfiguration;
			buildSettings = {
				ASSETCATALOG_COMPILER_APPICON_NAME = AppIcon;
				ASSETCATALOG_COMPILER_GLOBAL_ACCENT_COLOR_NAME = AccentColor;
				CODE_SIGN_STYLE = Automatic;
				DEVELOPMENT_ASSET_PATHS = "\"SwiftUI-WeChatDemo/Preview Content\"";
				ENABLE_PREVIEWS = YES;
				INFOPLIST_FILE = "SwiftUI-WeChatDemo/Info.plist";
				IPHONEOS_DEPLOYMENT_TARGET = 14.0;
				LD_RUNPATH_SEARCH_PATHS = (
					"$(inherited)",
					"@executable_path/Frameworks",
				);
				PRODUCT_BUNDLE_IDENTIFIER = "wavky.huang.SwiftUI-WeChatDemo";
				PRODUCT_NAME = "$(TARGET_NAME)";
				SWIFT_VERSION = 5.0;
				TARGETED_DEVICE_FAMILY = "1,2";
			};
			name = Debug;
		};
		C62D9DED269DE752003F9923 /* Release */ = {
			isa = XCBuildConfiguration;
			buildSettings = {
				ASSETCATALOG_COMPILER_APPICON_NAME = AppIcon;
				ASSETCATALOG_COMPILER_GLOBAL_ACCENT_COLOR_NAME = AccentColor;
				CODE_SIGN_STYLE = Automatic;
				DEVELOPMENT_ASSET_PATHS = "\"SwiftUI-WeChatDemo/Preview Content\"";
				ENABLE_PREVIEWS = YES;
				INFOPLIST_FILE = "SwiftUI-WeChatDemo/Info.plist";
				IPHONEOS_DEPLOYMENT_TARGET = 14.0;
				LD_RUNPATH_SEARCH_PATHS = (
					"$(inherited)",
					"@executable_path/Frameworks",
				);
				PRODUCT_BUNDLE_IDENTIFIER = "wavky.huang.SwiftUI-WeChatDemo";
				PRODUCT_NAME = "$(TARGET_NAME)";
				SWIFT_VERSION = 5.0;
				TARGETED_DEVICE_FAMILY = "1,2";
			};
			name = Release;
		};
/* End XCBuildConfiguration section */

/* Begin XCConfigurationList section */
		C62D9DD7269DE750003F9923 /* Build configuration list for PBXProject "SwiftUI-WeChatDemo" */ = {
			isa = XCConfigurationList;
			buildConfigurations = (
				C62D9DE9269DE752003F9923 /* Debug */,
				C62D9DEA269DE752003F9923 /* Release */,
			);
			defaultConfigurationIsVisible = 0;
			defaultConfigurationName = Release;
		};
		C62D9DEB269DE752003F9923 /* Build configuration list for PBXNativeTarget "SwiftUI-WeChatDemo" */ = {
			isa = XCConfigurationList;
			buildConfigurations = (
				C62D9DEC269DE752003F9923 /* Debug */,
				C62D9DED269DE752003F9923 /* Release */,
			);
			defaultConfigurationIsVisible = 0;
			defaultConfigurationName = Release;
		};
/* End XCConfigurationList section */
	};
	rootObject = C62D9DD4269DE750003F9923 /* Project object */;
}
